// !$*UTF8*$!
{
	archiveVersion = 1;
	classes = {
	};
	objectVersion = 51;
	objects = {

/* Begin PBXBuildFile section */
		2DB0B866034CF371DC91FF91 /* Pods_TwitterClone.framework in Frameworks */ = {isa = PBXBuildFile; fileRef = B40C48F654B3160C46EDDC3D /* Pods_TwitterClone.framework */; };
		32C8C11F47EE7AACD7567036 /* Pods_TwitterClone_TwitterCloneUITests.framework in Frameworks */ = {isa = PBXBuildFile; fileRef = 38C88FB5E7A65B28B5DC78F7 /* Pods_TwitterClone_TwitterCloneUITests.framework */; };
		C78D1BD85807FB36D2B8CD05 /* Pods_TwitterCloneTests.framework in Frameworks */ = {isa = PBXBuildFile; fileRef = C1E39345B21084B442DBD9A1 /* Pods_TwitterCloneTests.framework */; };
		C81707902567885400CF3A1A /* LoginController.swift in Sources */ = {isa = PBXBuildFile; fileRef = C817078F2567885400CF3A1A /* LoginController.swift */; };
		C8170798256788C100CF3A1A /* RegisterController.swift in Sources */ = {isa = PBXBuildFile; fileRef = C8170797256788C100CF3A1A /* RegisterController.swift */; };
		C817079D256794B900CF3A1A /* Utilities.swift in Sources */ = {isa = PBXBuildFile; fileRef = C817079C256794B900CF3A1A /* Utilities.swift */; };
		C84A9CE2256C4FFA00354557 /* AuthService.swift in Sources */ = {isa = PBXBuildFile; fileRef = C84A9CE1256C4FFA00354557 /* AuthService.swift */; };
		C8EE93D625670D24004E7B41 /* AppDelegate.swift in Sources */ = {isa = PBXBuildFile; fileRef = C8EE93D525670D24004E7B41 /* AppDelegate.swift */; };
		C8EE93D825670D24004E7B41 /* SceneDelegate.swift in Sources */ = {isa = PBXBuildFile; fileRef = C8EE93D725670D24004E7B41 /* SceneDelegate.swift */; };
		C8EE93DD25670D24004E7B41 /* Main.storyboard in Resources */ = {isa = PBXBuildFile; fileRef = C8EE93DB25670D24004E7B41 /* Main.storyboard */; };
		C8EE93DF25670D25004E7B41 /* Assets.xcassets in Resources */ = {isa = PBXBuildFile; fileRef = C8EE93DE25670D25004E7B41 /* Assets.xcassets */; };
		C8EE93E225670D25004E7B41 /* LaunchScreen.storyboard in Resources */ = {isa = PBXBuildFile; fileRef = C8EE93E025670D25004E7B41 /* LaunchScreen.storyboard */; };
		C8EE93ED25670D25004E7B41 /* TwitterCloneTests.swift in Sources */ = {isa = PBXBuildFile; fileRef = C8EE93EC25670D25004E7B41 /* TwitterCloneTests.swift */; };
		C8EE93F825670D25004E7B41 /* TwitterCloneUITests.swift in Sources */ = {isa = PBXBuildFile; fileRef = C8EE93F725670D25004E7B41 /* TwitterCloneUITests.swift */; };
		C8EE941525670FFA004E7B41 /* MainTabController.swift in Sources */ = {isa = PBXBuildFile; fileRef = C8EE941425670FFA004E7B41 /* MainTabController.swift */; };
		C8EE941A25671181004E7B41 /* FeedController.swift in Sources */ = {isa = PBXBuildFile; fileRef = C8EE941925671181004E7B41 /* FeedController.swift */; };
		C8EE941F25671271004E7B41 /* ExploreController.swift in Sources */ = {isa = PBXBuildFile; fileRef = C8EE941E25671271004E7B41 /* ExploreController.swift */; };
		C8EE94242567128B004E7B41 /* NotificationsController.swift in Sources */ = {isa = PBXBuildFile; fileRef = C8EE94232567128B004E7B41 /* NotificationsController.swift */; };
		C8EE9429256712AD004E7B41 /* ConversationsController.swift in Sources */ = {isa = PBXBuildFile; fileRef = C8EE9428256712AD004E7B41 /* ConversationsController.swift */; };
		C8EE943A2567225C004E7B41 /* extensions.swift in Sources */ = {isa = PBXBuildFile; fileRef = C8EE94392567225C004E7B41 /* extensions.swift */; };
		C8F72478256ADD630041B6B2 /* GoogleService-Info.plist in Resources */ = {isa = PBXBuildFile; fileRef = C8F72477256ADD630041B6B2 /* GoogleService-Info.plist */; };
		C8F72492256AE69F0041B6B2 /* constans.swift in Sources */ = {isa = PBXBuildFile; fileRef = C8F72491256AE69F0041B6B2 /* constans.swift */; };
/* End PBXBuildFile section */

/* Begin PBXContainerItemProxy section */
		C8EE93E925670D25004E7B41 /* PBXContainerItemProxy */ = {
			isa = PBXContainerItemProxy;
			containerPortal = C8EE93CA25670D24004E7B41 /* Project object */;
			proxyType = 1;
			remoteGlobalIDString = C8EE93D125670D24004E7B41;
			remoteInfo = TwitterClone;
		};
		C8EE93F425670D25004E7B41 /* PBXContainerItemProxy */ = {
			isa = PBXContainerItemProxy;
			containerPortal = C8EE93CA25670D24004E7B41 /* Project object */;
			proxyType = 1;
			remoteGlobalIDString = C8EE93D125670D24004E7B41;
			remoteInfo = TwitterClone;
		};
/* End PBXContainerItemProxy section */

/* Begin PBXFileReference section */
		1B1C92657E69F3047091E307 /* Pods-TwitterClone.release.xcconfig */ = {isa = PBXFileReference; includeInIndex = 1; lastKnownFileType = text.xcconfig; name = "Pods-TwitterClone.release.xcconfig"; path = "Target Support Files/Pods-TwitterClone/Pods-TwitterClone.release.xcconfig"; sourceTree = "<group>"; };
		38C88FB5E7A65B28B5DC78F7 /* Pods_TwitterClone_TwitterCloneUITests.framework */ = {isa = PBXFileReference; explicitFileType = wrapper.framework; includeInIndex = 0; path = Pods_TwitterClone_TwitterCloneUITests.framework; sourceTree = BUILT_PRODUCTS_DIR; };
		654089B6D93820B5533F0886 /* Pods-TwitterCloneTests.debug.xcconfig */ = {isa = PBXFileReference; includeInIndex = 1; lastKnownFileType = text.xcconfig; name = "Pods-TwitterCloneTests.debug.xcconfig"; path = "Target Support Files/Pods-TwitterCloneTests/Pods-TwitterCloneTests.debug.xcconfig"; sourceTree = "<group>"; };
		B40C48F654B3160C46EDDC3D /* Pods_TwitterClone.framework */ = {isa = PBXFileReference; explicitFileType = wrapper.framework; includeInIndex = 0; path = Pods_TwitterClone.framework; sourceTree = BUILT_PRODUCTS_DIR; };
		BF9F1B42D2BF08BCDD429ED3 /* Pods-TwitterCloneTests.release.xcconfig */ = {isa = PBXFileReference; includeInIndex = 1; lastKnownFileType = text.xcconfig; name = "Pods-TwitterCloneTests.release.xcconfig"; path = "Target Support Files/Pods-TwitterCloneTests/Pods-TwitterCloneTests.release.xcconfig"; sourceTree = "<group>"; };
		C1E39345B21084B442DBD9A1 /* Pods_TwitterCloneTests.framework */ = {isa = PBXFileReference; explicitFileType = wrapper.framework; includeInIndex = 0; path = Pods_TwitterCloneTests.framework; sourceTree = BUILT_PRODUCTS_DIR; };
		C54FEC21D31F57260A6335B3 /* Pods-TwitterClone.debug.xcconfig */ = {isa = PBXFileReference; includeInIndex = 1; lastKnownFileType = text.xcconfig; name = "Pods-TwitterClone.debug.xcconfig"; path = "Target Support Files/Pods-TwitterClone/Pods-TwitterClone.debug.xcconfig"; sourceTree = "<group>"; };
		C817078F2567885400CF3A1A /* LoginController.swift */ = {isa = PBXFileReference; lastKnownFileType = sourcecode.swift; path = LoginController.swift; sourceTree = "<group>"; };
		C8170797256788C100CF3A1A /* RegisterController.swift */ = {isa = PBXFileReference; lastKnownFileType = sourcecode.swift; path = RegisterController.swift; sourceTree = "<group>"; };
		C817079C256794B900CF3A1A /* Utilities.swift */ = {isa = PBXFileReference; lastKnownFileType = sourcecode.swift; path = Utilities.swift; sourceTree = "<group>"; };
		C84A9CE1256C4FFA00354557 /* AuthService.swift */ = {isa = PBXFileReference; lastKnownFileType = sourcecode.swift; path = AuthService.swift; sourceTree = "<group>"; };
		C8EE93D225670D24004E7B41 /* TwitterClone.app */ = {isa = PBXFileReference; explicitFileType = wrapper.application; includeInIndex = 0; path = TwitterClone.app; sourceTree = BUILT_PRODUCTS_DIR; };
		C8EE93D525670D24004E7B41 /* AppDelegate.swift */ = {isa = PBXFileReference; lastKnownFileType = sourcecode.swift; path = AppDelegate.swift; sourceTree = "<group>"; };
		C8EE93D725670D24004E7B41 /* SceneDelegate.swift */ = {isa = PBXFileReference; lastKnownFileType = sourcecode.swift; path = SceneDelegate.swift; sourceTree = "<group>"; };
		C8EE93DC25670D24004E7B41 /* Base */ = {isa = PBXFileReference; lastKnownFileType = file.storyboard; name = Base; path = Base.lproj/Main.storyboard; sourceTree = "<group>"; };
		C8EE93DE25670D25004E7B41 /* Assets.xcassets */ = {isa = PBXFileReference; lastKnownFileType = folder.assetcatalog; path = Assets.xcassets; sourceTree = "<group>"; };
		C8EE93E125670D25004E7B41 /* Base */ = {isa = PBXFileReference; lastKnownFileType = file.storyboard; name = Base; path = Base.lproj/LaunchScreen.storyboard; sourceTree = "<group>"; };
		C8EE93E325670D25004E7B41 /* Info.plist */ = {isa = PBXFileReference; lastKnownFileType = text.plist.xml; path = Info.plist; sourceTree = "<group>"; };
		C8EE93E825670D25004E7B41 /* TwitterCloneTests.xctest */ = {isa = PBXFileReference; explicitFileType = wrapper.cfbundle; includeInIndex = 0; path = TwitterCloneTests.xctest; sourceTree = BUILT_PRODUCTS_DIR; };
		C8EE93EC25670D25004E7B41 /* TwitterCloneTests.swift */ = {isa = PBXFileReference; lastKnownFileType = sourcecode.swift; path = TwitterCloneTests.swift; sourceTree = "<group>"; };
		C8EE93EE25670D25004E7B41 /* Info.plist */ = {isa = PBXFileReference; lastKnownFileType = text.plist.xml; path = Info.plist; sourceTree = "<group>"; };
		C8EE93F325670D25004E7B41 /* TwitterCloneUITests.xctest */ = {isa = PBXFileReference; explicitFileType = wrapper.cfbundle; includeInIndex = 0; path = TwitterCloneUITests.xctest; sourceTree = BUILT_PRODUCTS_DIR; };
		C8EE93F725670D25004E7B41 /* TwitterCloneUITests.swift */ = {isa = PBXFileReference; lastKnownFileType = sourcecode.swift; path = TwitterCloneUITests.swift; sourceTree = "<group>"; };
		C8EE93F925670D25004E7B41 /* Info.plist */ = {isa = PBXFileReference; lastKnownFileType = text.plist.xml; path = Info.plist; sourceTree = "<group>"; };
		C8EE941425670FFA004E7B41 /* MainTabController.swift */ = {isa = PBXFileReference; lastKnownFileType = sourcecode.swift; path = MainTabController.swift; sourceTree = "<group>"; };
		C8EE941925671181004E7B41 /* FeedController.swift */ = {isa = PBXFileReference; lastKnownFileType = sourcecode.swift; path = FeedController.swift; sourceTree = "<group>"; };
		C8EE941E25671271004E7B41 /* ExploreController.swift */ = {isa = PBXFileReference; lastKnownFileType = sourcecode.swift; path = ExploreController.swift; sourceTree = "<group>"; };
		C8EE94232567128B004E7B41 /* NotificationsController.swift */ = {isa = PBXFileReference; lastKnownFileType = sourcecode.swift; path = NotificationsController.swift; sourceTree = "<group>"; };
		C8EE9428256712AD004E7B41 /* ConversationsController.swift */ = {isa = PBXFileReference; lastKnownFileType = sourcecode.swift; path = ConversationsController.swift; sourceTree = "<group>"; };
		C8EE94392567225C004E7B41 /* extensions.swift */ = {isa = PBXFileReference; lastKnownFileType = sourcecode.swift; path = extensions.swift; sourceTree = "<group>"; };
		C8F72477256ADD630041B6B2 /* GoogleService-Info.plist */ = {isa = PBXFileReference; fileEncoding = 4; lastKnownFileType = text.plist.xml; path = "GoogleService-Info.plist"; sourceTree = "<group>"; };
		C8F72491256AE69F0041B6B2 /* constans.swift */ = {isa = PBXFileReference; lastKnownFileType = sourcecode.swift; path = constans.swift; sourceTree = "<group>"; };
		CB1EAC8A9047930300706E2D /* Pods-TwitterClone-TwitterCloneUITests.debug.xcconfig */ = {isa = PBXFileReference; includeInIndex = 1; lastKnownFileType = text.xcconfig; name = "Pods-TwitterClone-TwitterCloneUITests.debug.xcconfig"; path = "Target Support Files/Pods-TwitterClone-TwitterCloneUITests/Pods-TwitterClone-TwitterCloneUITests.debug.xcconfig"; sourceTree = "<group>"; };
		F7FC2744F775A72CB347095D /* Pods-TwitterClone-TwitterCloneUITests.release.xcconfig */ = {isa = PBXFileReference; includeInIndex = 1; lastKnownFileType = text.xcconfig; name = "Pods-TwitterClone-TwitterCloneUITests.release.xcconfig"; path = "Target Support Files/Pods-TwitterClone-TwitterCloneUITests/Pods-TwitterClone-TwitterCloneUITests.release.xcconfig"; sourceTree = "<group>"; };
/* End PBXFileReference section */

/* Begin PBXFrameworksBuildPhase section */
		C8EE93CF25670D24004E7B41 /* Frameworks */ = {
			isa = PBXFrameworksBuildPhase;
			buildActionMask = 2147483647;
			files = (
				2DB0B866034CF371DC91FF91 /* Pods_TwitterClone.framework in Frameworks */,
			);
			runOnlyForDeploymentPostprocessing = 0;
		};
		C8EE93E525670D25004E7B41 /* Frameworks */ = {
			isa = PBXFrameworksBuildPhase;
			buildActionMask = 2147483647;
			files = (
				C78D1BD85807FB36D2B8CD05 /* Pods_TwitterCloneTests.framework in Frameworks */,
			);
			runOnlyForDeploymentPostprocessing = 0;
		};
		C8EE93F025670D25004E7B41 /* Frameworks */ = {
			isa = PBXFrameworksBuildPhase;
			buildActionMask = 2147483647;
			files = (
				32C8C11F47EE7AACD7567036 /* Pods_TwitterClone_TwitterCloneUITests.framework in Frameworks */,
			);
			runOnlyForDeploymentPostprocessing = 0;
		};
/* End PBXFrameworksBuildPhase section */

/* Begin PBXGroup section */
		611AB34FC5EA432D863458D4 /* Pods */ = {
			isa = PBXGroup;
			children = (
				C54FEC21D31F57260A6335B3 /* Pods-TwitterClone.debug.xcconfig */,
				1B1C92657E69F3047091E307 /* Pods-TwitterClone.release.xcconfig */,
				CB1EAC8A9047930300706E2D /* Pods-TwitterClone-TwitterCloneUITests.debug.xcconfig */,
				F7FC2744F775A72CB347095D /* Pods-TwitterClone-TwitterCloneUITests.release.xcconfig */,
				654089B6D93820B5533F0886 /* Pods-TwitterCloneTests.debug.xcconfig */,
				BF9F1B42D2BF08BCDD429ED3 /* Pods-TwitterCloneTests.release.xcconfig */,
			);
			path = Pods;
			sourceTree = "<group>";
		};
		888447EEF17F6F8528949051 /* Frameworks */ = {
			isa = PBXGroup;
			children = (
				B40C48F654B3160C46EDDC3D /* Pods_TwitterClone.framework */,
				38C88FB5E7A65B28B5DC78F7 /* Pods_TwitterClone_TwitterCloneUITests.framework */,
				C1E39345B21084B442DBD9A1 /* Pods_TwitterCloneTests.framework */,
			);
			name = Frameworks;
			sourceTree = "<group>";
		};
		C817078E2567883300CF3A1A /* Auth */ = {
			isa = PBXGroup;
			children = (
				C817078F2567885400CF3A1A /* LoginController.swift */,
				C8170797256788C100CF3A1A /* RegisterController.swift */,
			);
			path = Auth;
			sourceTree = "<group>";
		};
		C8EE93C925670D24004E7B41 = {
			isa = PBXGroup;
			children = (
				C8EE93D425670D24004E7B41 /* TwitterClone */,
				C8EE93EB25670D25004E7B41 /* TwitterCloneTests */,
				C8EE93F625670D25004E7B41 /* TwitterCloneUITests */,
				C8EE93D325670D24004E7B41 /* Products */,
				611AB34FC5EA432D863458D4 /* Pods */,
				888447EEF17F6F8528949051 /* Frameworks */,
			);
			sourceTree = "<group>";
		};
		C8EE93D325670D24004E7B41 /* Products */ = {
			isa = PBXGroup;
			children = (
				C8EE93D225670D24004E7B41 /* TwitterClone.app */,
				C8EE93E825670D25004E7B41 /* TwitterCloneTests.xctest */,
				C8EE93F325670D25004E7B41 /* TwitterCloneUITests.xctest */,
			);
			name = Products;
			sourceTree = "<group>";
		};
		C8EE93D425670D24004E7B41 /* TwitterClone */ = {
			isa = PBXGroup;
			children = (
				C8EE940D25670EF3004E7B41 /* Model */,
				C8EE940C25670EF0004E7B41 /* View */,
				C8EE940B25670EED004E7B41 /* ViewModel */,
				C8EE940A25670EEB004E7B41 /* Controller */,
				C8EE940925670EE8004E7B41 /* API */,
				C8EE940825670EE4004E7B41 /* Utils */,
				C8EE93D525670D24004E7B41 /* AppDelegate.swift */,
				C8EE93D725670D24004E7B41 /* SceneDelegate.swift */,
				C8EE93DB25670D24004E7B41 /* Main.storyboard */,
				C8EE93DE25670D25004E7B41 /* Assets.xcassets */,
				C8EE93E025670D25004E7B41 /* LaunchScreen.storyboard */,
				C8F72477256ADD630041B6B2 /* GoogleService-Info.plist */,
				C8EE93E325670D25004E7B41 /* Info.plist */,
			);
			path = TwitterClone;
			sourceTree = "<group>";
		};
		C8EE93EB25670D25004E7B41 /* TwitterCloneTests */ = {
			isa = PBXGroup;
			children = (
				C8EE93EC25670D25004E7B41 /* TwitterCloneTests.swift */,
				C8EE93EE25670D25004E7B41 /* Info.plist */,
			);
			path = TwitterCloneTests;
			sourceTree = "<group>";
		};
		C8EE93F625670D25004E7B41 /* TwitterCloneUITests */ = {
			isa = PBXGroup;
			children = (
				C8EE93F725670D25004E7B41 /* TwitterCloneUITests.swift */,
				C8EE93F925670D25004E7B41 /* Info.plist */,
			);
			path = TwitterCloneUITests;
			sourceTree = "<group>";
		};
		C8EE940825670EE4004E7B41 /* Utils */ = {
			isa = PBXGroup;
			children = (
				C8EE94392567225C004E7B41 /* extensions.swift */,
				C817079C256794B900CF3A1A /* Utilities.swift */,
				C8F72491256AE69F0041B6B2 /* constans.swift */,
			);
			path = Utils;
			sourceTree = "<group>";
		};
		C8EE940925670EE8004E7B41 /* API */ = {
			isa = PBXGroup;
			children = (
				C84A9CE1256C4FFA00354557 /* AuthService.swift */,
			);
			path = API;
			sourceTree = "<group>";
		};
		C8EE940A25670EEB004E7B41 /* Controller */ = {
			isa = PBXGroup;
			children = (
				C817078E2567883300CF3A1A /* Auth */,
				C8EE941425670FFA004E7B41 /* MainTabController.swift */,
				C8EE941925671181004E7B41 /* FeedController.swift */,
				C8EE941E25671271004E7B41 /* ExploreController.swift */,
				C8EE94232567128B004E7B41 /* NotificationsController.swift */,
				C8EE9428256712AD004E7B41 /* ConversationsController.swift */,
			);
			path = Controller;
			sourceTree = "<group>";
		};
		C8EE940B25670EED004E7B41 /* ViewModel */ = {
			isa = PBXGroup;
			children = (
			);
			path = ViewModel;
			sourceTree = "<group>";
		};
		C8EE940C25670EF0004E7B41 /* View */ = {
			isa = PBXGroup;
			children = (
			);
			path = View;
			sourceTree = "<group>";
		};
		C8EE940D25670EF3004E7B41 /* Model */ = {
			isa = PBXGroup;
			children = (
			);
			path = Model;
			sourceTree = "<group>";
		};
/* End PBXGroup section */

/* Begin PBXNativeTarget section */
		C8EE93D125670D24004E7B41 /* TwitterClone */ = {
			isa = PBXNativeTarget;
			buildConfigurationList = C8EE93FC25670D25004E7B41 /* Build configuration list for PBXNativeTarget "TwitterClone" */;
			buildPhases = (
				422B299E610AF3AE5E743142 /* [CP] Check Pods Manifest.lock */,
				C8EE93CE25670D24004E7B41 /* Sources */,
				C8EE93CF25670D24004E7B41 /* Frameworks */,
				C8EE93D025670D24004E7B41 /* Resources */,
				263AC3962A851C277E479A00 /* [CP] Embed Pods Frameworks */,
			);
			buildRules = (
			);
			dependencies = (
			);
			name = TwitterClone;
			productName = TwitterClone;
			productReference = C8EE93D225670D24004E7B41 /* TwitterClone.app */;
			productType = "com.apple.product-type.application";
		};
		C8EE93E725670D25004E7B41 /* TwitterCloneTests */ = {
			isa = PBXNativeTarget;
			buildConfigurationList = C8EE93FF25670D25004E7B41 /* Build configuration list for PBXNativeTarget "TwitterCloneTests" */;
			buildPhases = (
				265BFCCFDAB28CFB53337CF2 /* [CP] Check Pods Manifest.lock */,
				C8EE93E425670D25004E7B41 /* Sources */,
				C8EE93E525670D25004E7B41 /* Frameworks */,
				C8EE93E625670D25004E7B41 /* Resources */,
			);
			buildRules = (
			);
			dependencies = (
				C8EE93EA25670D25004E7B41 /* PBXTargetDependency */,
			);
			name = TwitterCloneTests;
			productName = TwitterCloneTests;
			productReference = C8EE93E825670D25004E7B41 /* TwitterCloneTests.xctest */;
			productType = "com.apple.product-type.bundle.unit-test";
		};
		C8EE93F225670D25004E7B41 /* TwitterCloneUITests */ = {
			isa = PBXNativeTarget;
			buildConfigurationList = C8EE940225670D25004E7B41 /* Build configuration list for PBXNativeTarget "TwitterCloneUITests" */;
			buildPhases = (
				8793588580AF3E9EFAA1F00A /* [CP] Check Pods Manifest.lock */,
				C8EE93EF25670D25004E7B41 /* Sources */,
				C8EE93F025670D25004E7B41 /* Frameworks */,
				C8EE93F125670D25004E7B41 /* Resources */,
				F11FD4EACD044466C4FAE25F /* [CP] Embed Pods Frameworks */,
			);
			buildRules = (
			);
			dependencies = (
				C8EE93F525670D25004E7B41 /* PBXTargetDependency */,
			);
			name = TwitterCloneUITests;
			productName = TwitterCloneUITests;
			productReference = C8EE93F325670D25004E7B41 /* TwitterCloneUITests.xctest */;
			productType = "com.apple.product-type.bundle.ui-testing";
		};
/* End PBXNativeTarget section */

/* Begin PBXProject section */
		C8EE93CA25670D24004E7B41 /* Project object */ = {
			isa = PBXProject;
			attributes = {
				LastSwiftUpdateCheck = 1220;
				LastUpgradeCheck = 1220;
				TargetAttributes = {
					C8EE93D125670D24004E7B41 = {
						CreatedOnToolsVersion = 12.2;
					};
					C8EE93E725670D25004E7B41 = {
						CreatedOnToolsVersion = 12.2;
						TestTargetID = C8EE93D125670D24004E7B41;
					};
					C8EE93F225670D25004E7B41 = {
						CreatedOnToolsVersion = 12.2;
						TestTargetID = C8EE93D125670D24004E7B41;
					};
				};
			};
			buildConfigurationList = C8EE93CD25670D24004E7B41 /* Build configuration list for PBXProject "TwitterClone" */;
			compatibilityVersion = "Xcode 9.3";
			developmentRegion = en;
			hasScannedForEncodings = 0;
			knownRegions = (
				en,
				Base,
			);
			mainGroup = C8EE93C925670D24004E7B41;
			productRefGroup = C8EE93D325670D24004E7B41 /* Products */;
			projectDirPath = "";
			projectRoot = "";
			targets = (
				C8EE93D125670D24004E7B41 /* TwitterClone */,
				C8EE93E725670D25004E7B41 /* TwitterCloneTests */,
				C8EE93F225670D25004E7B41 /* TwitterCloneUITests */,
			);
		};
/* End PBXProject section */

/* Begin PBXResourcesBuildPhase section */
		C8EE93D025670D24004E7B41 /* Resources */ = {
			isa = PBXResourcesBuildPhase;
			buildActionMask = 2147483647;
			files = (
				C8EE93E225670D25004E7B41 /* LaunchScreen.storyboard in Resources */,
				C8F72478256ADD630041B6B2 /* GoogleService-Info.plist in Resources */,
				C8EE93DF25670D25004E7B41 /* Assets.xcassets in Resources */,
				C8EE93DD25670D24004E7B41 /* Main.storyboard in Resources */,
			);
			runOnlyForDeploymentPostprocessing = 0;
		};
		C8EE93E625670D25004E7B41 /* Resources */ = {
			isa = PBXResourcesBuildPhase;
			buildActionMask = 2147483647;
			files = (
			);
			runOnlyForDeploymentPostprocessing = 0;
		};
		C8EE93F125670D25004E7B41 /* Resources */ = {
			isa = PBXResourcesBuildPhase;
			buildActionMask = 2147483647;
			files = (
			);
			runOnlyForDeploymentPostprocessing = 0;
		};
/* End PBXResourcesBuildPhase section */

/* Begin PBXShellScriptBuildPhase section */
		263AC3962A851C277E479A00 /* [CP] Embed Pods Frameworks */ = {
			isa = PBXShellScriptBuildPhase;
			buildActionMask = 2147483647;
			files = (
			);
			inputFileListPaths = (
				"${PODS_ROOT}/Target Support Files/Pods-TwitterClone/Pods-TwitterClone-frameworks-${CONFIGURATION}-input-files.xcfilelist",
			);
			name = "[CP] Embed Pods Frameworks";
			outputFileListPaths = (
				"${PODS_ROOT}/Target Support Files/Pods-TwitterClone/Pods-TwitterClone-frameworks-${CONFIGURATION}-output-files.xcfilelist",
			);
			runOnlyForDeploymentPostprocessing = 0;
			shellPath = /bin/sh;
			shellScript = "\"${PODS_ROOT}/Target Support Files/Pods-TwitterClone/Pods-TwitterClone-frameworks.sh\"\n";
			showEnvVarsInLog = 0;
		};
		265BFCCFDAB28CFB53337CF2 /* [CP] Check Pods Manifest.lock */ = {
			isa = PBXShellScriptBuildPhase;
			buildActionMask = 2147483647;
			files = (
			);
			inputFileListPaths = (
			);
			inputPaths = (
				"${PODS_PODFILE_DIR_PATH}/Podfile.lock",
				"${PODS_ROOT}/Manifest.lock",
			);
			name = "[CP] Check Pods Manifest.lock";
			outputFileListPaths = (
			);
			outputPaths = (
				"$(DERIVED_FILE_DIR)/Pods-TwitterCloneTests-checkManifestLockResult.txt",
			);
			runOnlyForDeploymentPostprocessing = 0;
			shellPath = /bin/sh;
			shellScript = "diff \"${PODS_PODFILE_DIR_PATH}/Podfile.lock\" \"${PODS_ROOT}/Manifest.lock\" > /dev/null\nif [ $? != 0 ] ; then\n    # print error to STDERR\n    echo \"error: The sandbox is not in sync with the Podfile.lock. Run 'pod install' or update your CocoaPods installation.\" >&2\n    exit 1\nfi\n# This output is used by Xcode 'outputs' to avoid re-running this script phase.\necho \"SUCCESS\" > \"${SCRIPT_OUTPUT_FILE_0}\"\n";
			showEnvVarsInLog = 0;
		};
		422B299E610AF3AE5E743142 /* [CP] Check Pods Manifest.lock */ = {
			isa = PBXShellScriptBuildPhase;
			buildActionMask = 2147483647;
			files = (
			);
			inputFileListPaths = (
			);
			inputPaths = (
				"${PODS_PODFILE_DIR_PATH}/Podfile.lock",
				"${PODS_ROOT}/Manifest.lock",
			);
			name = "[CP] Check Pods Manifest.lock";
			outputFileListPaths = (
			);
			outputPaths = (
				"$(DERIVED_FILE_DIR)/Pods-TwitterClone-checkManifestLockResult.txt",
			);
			runOnlyForDeploymentPostprocessing = 0;
			shellPath = /bin/sh;
			shellScript = "diff \"${PODS_PODFILE_DIR_PATH}/Podfile.lock\" \"${PODS_ROOT}/Manifest.lock\" > /dev/null\nif [ $? != 0 ] ; then\n    # print error to STDERR\n    echo \"error: The sandbox is not in sync with the Podfile.lock. Run 'pod install' or update your CocoaPods installation.\" >&2\n    exit 1\nfi\n# This output is used by Xcode 'outputs' to avoid re-running this script phase.\necho \"SUCCESS\" > \"${SCRIPT_OUTPUT_FILE_0}\"\n";
			showEnvVarsInLog = 0;
		};
		8793588580AF3E9EFAA1F00A /* [CP] Check Pods Manifest.lock */ = {
			isa = PBXShellScriptBuildPhase;
			buildActionMask = 2147483647;
			files = (
			);
			inputFileListPaths = (
			);
			inputPaths = (
				"${PODS_PODFILE_DIR_PATH}/Podfile.lock",
				"${PODS_ROOT}/Manifest.lock",
			);
			name = "[CP] Check Pods Manifest.lock";
			outputFileListPaths = (
			);
			outputPaths = (
				"$(DERIVED_FILE_DIR)/Pods-TwitterClone-TwitterCloneUITests-checkManifestLockResult.txt",
			);
			runOnlyForDeploymentPostprocessing = 0;
			shellPath = /bin/sh;
			shellScript = "diff \"${PODS_PODFILE_DIR_PATH}/Podfile.lock\" \"${PODS_ROOT}/Manifest.lock\" > /dev/null\nif [ $? != 0 ] ; then\n    # print error to STDERR\n    echo \"error: The sandbox is not in sync with the Podfile.lock. Run 'pod install' or update your CocoaPods installation.\" >&2\n    exit 1\nfi\n# This output is used by Xcode 'outputs' to avoid re-running this script phase.\necho \"SUCCESS\" > \"${SCRIPT_OUTPUT_FILE_0}\"\n";
			showEnvVarsInLog = 0;
		};
		F11FD4EACD044466C4FAE25F /* [CP] Embed Pods Frameworks */ = {
			isa = PBXShellScriptBuildPhase;
			buildActionMask = 2147483647;
			files = (
			);
			inputFileListPaths = (
				"${PODS_ROOT}/Target Support Files/Pods-TwitterClone-TwitterCloneUITests/Pods-TwitterClone-TwitterCloneUITests-frameworks-${CONFIGURATION}-input-files.xcfilelist",
			);
			name = "[CP] Embed Pods Frameworks";
			outputFileListPaths = (
				"${PODS_ROOT}/Target Support Files/Pods-TwitterClone-TwitterCloneUITests/Pods-TwitterClone-TwitterCloneUITests-frameworks-${CONFIGURATION}-output-files.xcfilelist",
			);
			runOnlyForDeploymentPostprocessing = 0;
			shellPath = /bin/sh;
			shellScript = "\"${PODS_ROOT}/Target Support Files/Pods-TwitterClone-TwitterCloneUITests/Pods-TwitterClone-TwitterCloneUITests-frameworks.sh\"\n";
			showEnvVarsInLog = 0;
		};
/* End PBXShellScriptBuildPhase section */

/* Begin PBXSourcesBuildPhase section */
		C8EE93CE25670D24004E7B41 /* Sources */ = {
			isa = PBXSourcesBuildPhase;
			buildActionMask = 2147483647;
			files = (
				C8170798256788C100CF3A1A /* RegisterController.swift in Sources */,
				C8EE94242567128B004E7B41 /* NotificationsController.swift in Sources */,
				C817079D256794B900CF3A1A /* Utilities.swift in Sources */,
				C8EE9429256712AD004E7B41 /* ConversationsController.swift in Sources */,
				C8EE93D625670D24004E7B41 /* AppDelegate.swift in Sources */,
				C8EE943A2567225C004E7B41 /* extensions.swift in Sources */,
				C84A9CE2256C4FFA00354557 /* AuthService.swift in Sources */,
				C81707902567885400CF3A1A /* LoginController.swift in Sources */,
				C8EE941F25671271004E7B41 /* ExploreController.swift in Sources */,
				C8EE93D825670D24004E7B41 /* SceneDelegate.swift in Sources */,
				C8EE941525670FFA004E7B41 /* MainTabController.swift in Sources */,
				C8F72492256AE69F0041B6B2 /* constans.swift in Sources */,
				C8EE941A25671181004E7B41 /* FeedController.swift in Sources */,
			);
			runOnlyForDeploymentPostprocessing = 0;
		};
		C8EE93E425670D25004E7B41 /* Sources */ = {
			isa = PBXSourcesBuildPhase;
			buildActionMask = 2147483647;
			files = (
				C8EE93ED25670D25004E7B41 /* TwitterCloneTests.swift in Sources */,
			);
			runOnlyForDeploymentPostprocessing = 0;
		};
		C8EE93EF25670D25004E7B41 /* Sources */ = {
			isa = PBXSourcesBuildPhase;
			buildActionMask = 2147483647;
			files = (
				C8EE93F825670D25004E7B41 /* TwitterCloneUITests.swift in Sources */,
			);
			runOnlyForDeploymentPostprocessing = 0;
		};
/* End PBXSourcesBuildPhase section */

/* Begin PBXTargetDependency section */
		C8EE93EA25670D25004E7B41 /* PBXTargetDependency */ = {
			isa = PBXTargetDependency;
			target = C8EE93D125670D24004E7B41 /* TwitterClone */;
			targetProxy = C8EE93E925670D25004E7B41 /* PBXContainerItemProxy */;
		};
		C8EE93F525670D25004E7B41 /* PBXTargetDependency */ = {
			isa = PBXTargetDependency;
			target = C8EE93D125670D24004E7B41 /* TwitterClone */;
			targetProxy = C8EE93F425670D25004E7B41 /* PBXContainerItemProxy */;
		};
/* End PBXTargetDependency section */

/* Begin PBXVariantGroup section */
		C8EE93DB25670D24004E7B41 /* Main.storyboard */ = {
			isa = PBXVariantGroup;
			children = (
				C8EE93DC25670D24004E7B41 /* Base */,
			);
			name = Main.storyboard;
			sourceTree = "<group>";
		};
		C8EE93E025670D25004E7B41 /* LaunchScreen.storyboard */ = {
			isa = PBXVariantGroup;
			children = (
				C8EE93E125670D25004E7B41 /* Base */,
			);
			name = LaunchScreen.storyboard;
			sourceTree = "<group>";
		};
/* End PBXVariantGroup section */

/* Begin XCBuildConfiguration section */
		C8EE93FA25670D25004E7B41 /* Debug */ = {
			isa = XCBuildConfiguration;
			buildSettings = {
				ALWAYS_SEARCH_USER_PATHS = NO;
				CLANG_ANALYZER_NONNULL = YES;
				CLANG_ANALYZER_NUMBER_OBJECT_CONVERSION = YES_AGGRESSIVE;
				CLANG_CXX_LANGUAGE_STANDARD = "gnu++14";
				CLANG_CXX_LIBRARY = "libc++";
				CLANG_ENABLE_MODULES = YES;
				CLANG_ENABLE_OBJC_ARC = YES;
				CLANG_ENABLE_OBJC_WEAK = YES;
				CLANG_WARN_BLOCK_CAPTURE_AUTORELEASING = YES;
				CLANG_WARN_BOOL_CONVERSION = YES;
				CLANG_WARN_COMMA = YES;
				CLANG_WARN_CONSTANT_CONVERSION = YES;
				CLANG_WARN_DEPRECATED_OBJC_IMPLEMENTATIONS = YES;
				CLANG_WARN_DIRECT_OBJC_ISA_USAGE = YES_ERROR;
				CLANG_WARN_DOCUMENTATION_COMMENTS = YES;
				CLANG_WARN_EMPTY_BODY = YES;
				CLANG_WARN_ENUM_CONVERSION = YES;
				CLANG_WARN_INFINITE_RECURSION = YES;
				CLANG_WARN_INT_CONVERSION = YES;
				CLANG_WARN_NON_LITERAL_NULL_CONVERSION = YES;
				CLANG_WARN_OBJC_IMPLICIT_RETAIN_SELF = YES;
				CLANG_WARN_OBJC_LITERAL_CONVERSION = YES;
				CLANG_WARN_OBJC_ROOT_CLASS = YES_ERROR;
				CLANG_WARN_QUOTED_INCLUDE_IN_FRAMEWORK_HEADER = YES;
				CLANG_WARN_RANGE_LOOP_ANALYSIS = YES;
				CLANG_WARN_STRICT_PROTOTYPES = YES;
				CLANG_WARN_SUSPICIOUS_MOVE = YES;
				CLANG_WARN_UNGUARDED_AVAILABILITY = YES_AGGRESSIVE;
				CLANG_WARN_UNREACHABLE_CODE = YES;
				CLANG_WARN__DUPLICATE_METHOD_MATCH = YES;
				COPY_PHASE_STRIP = NO;
				DEBUG_INFORMATION_FORMAT = dwarf;
				ENABLE_STRICT_OBJC_MSGSEND = YES;
				ENABLE_TESTABILITY = YES;
				GCC_C_LANGUAGE_STANDARD = gnu11;
				GCC_DYNAMIC_NO_PIC = NO;
				GCC_NO_COMMON_BLOCKS = YES;
				GCC_OPTIMIZATION_LEVEL = 0;
				GCC_PREPROCESSOR_DEFINITIONS = (
					"DEBUG=1",
					"$(inherited)",
				);
				GCC_WARN_64_TO_32_BIT_CONVERSION = YES;
				GCC_WARN_ABOUT_RETURN_TYPE = YES_ERROR;
				GCC_WARN_UNDECLARED_SELECTOR = YES;
				GCC_WARN_UNINITIALIZED_AUTOS = YES_AGGRESSIVE;
				GCC_WARN_UNUSED_FUNCTION = YES;
				GCC_WARN_UNUSED_VARIABLE = YES;
				IPHONEOS_DEPLOYMENT_TARGET = 14.1;
				MTL_ENABLE_DEBUG_INFO = INCLUDE_SOURCE;
				MTL_FAST_MATH = YES;
				ONLY_ACTIVE_ARCH = YES;
				SDKROOT = iphoneos;
				SWIFT_ACTIVE_COMPILATION_CONDITIONS = DEBUG;
				SWIFT_OPTIMIZATION_LEVEL = "-Onone";
			};
			name = Debug;
		};
		C8EE93FB25670D25004E7B41 /* Release */ = {
			isa = XCBuildConfiguration;
			buildSettings = {
				ALWAYS_SEARCH_USER_PATHS = NO;
				CLANG_ANALYZER_NONNULL = YES;
				CLANG_ANALYZER_NUMBER_OBJECT_CONVERSION = YES_AGGRESSIVE;
				CLANG_CXX_LANGUAGE_STANDARD = "gnu++14";
				CLANG_CXX_LIBRARY = "libc++";
				CLANG_ENABLE_MODULES = YES;
				CLANG_ENABLE_OBJC_ARC = YES;
				CLANG_ENABLE_OBJC_WEAK = YES;
				CLANG_WARN_BLOCK_CAPTURE_AUTORELEASING = YES;
				CLANG_WARN_BOOL_CONVERSION = YES;
				CLANG_WARN_COMMA = YES;
				CLANG_WARN_CONSTANT_CONVERSION = YES;
				CLANG_WARN_DEPRECATED_OBJC_IMPLEMENTATIONS = YES;
				CLANG_WARN_DIRECT_OBJC_ISA_USAGE = YES_ERROR;
				CLANG_WARN_DOCUMENTATION_COMMENTS = YES;
				CLANG_WARN_EMPTY_BODY = YES;
				CLANG_WARN_ENUM_CONVERSION = YES;
				CLANG_WARN_INFINITE_RECURSION = YES;
				CLANG_WARN_INT_CONVERSION = YES;
				CLANG_WARN_NON_LITERAL_NULL_CONVERSION = YES;
				CLANG_WARN_OBJC_IMPLICIT_RETAIN_SELF = YES;
				CLANG_WARN_OBJC_LITERAL_CONVERSION = YES;
				CLANG_WARN_OBJC_ROOT_CLASS = YES_ERROR;
				CLANG_WARN_QUOTED_INCLUDE_IN_FRAMEWORK_HEADER = YES;
				CLANG_WARN_RANGE_LOOP_ANALYSIS = YES;
				CLANG_WARN_STRICT_PROTOTYPES = YES;
				CLANG_WARN_SUSPICIOUS_MOVE = YES;
				CLANG_WARN_UNGUARDED_AVAILABILITY = YES_AGGRESSIVE;
				CLANG_WARN_UNREACHABLE_CODE = YES;
				CLANG_WARN__DUPLICATE_METHOD_MATCH = YES;
				COPY_PHASE_STRIP = NO;
				DEBUG_INFORMATION_FORMAT = "dwarf-with-dsym";
				ENABLE_NS_ASSERTIONS = NO;
				ENABLE_STRICT_OBJC_MSGSEND = YES;
				GCC_C_LANGUAGE_STANDARD = gnu11;
				GCC_NO_COMMON_BLOCKS = YES;
				GCC_WARN_64_TO_32_BIT_CONVERSION = YES;
				GCC_WARN_ABOUT_RETURN_TYPE = YES_ERROR;
				GCC_WARN_UNDECLARED_SELECTOR = YES;
				GCC_WARN_UNINITIALIZED_AUTOS = YES_AGGRESSIVE;
				GCC_WARN_UNUSED_FUNCTION = YES;
				GCC_WARN_UNUSED_VARIABLE = YES;
				IPHONEOS_DEPLOYMENT_TARGET = 14.1;
				MTL_ENABLE_DEBUG_INFO = NO;
				MTL_FAST_MATH = YES;
				SDKROOT = iphoneos;
				SWIFT_COMPILATION_MODE = wholemodule;
				SWIFT_OPTIMIZATION_LEVEL = "-O";
				VALIDATE_PRODUCT = YES;
			};
			name = Release;
		};
		C8EE93FD25670D25004E7B41 /* Debug */ = {
			isa = XCBuildConfiguration;
			baseConfigurationReference = C54FEC21D31F57260A6335B3 /* Pods-TwitterClone.debug.xcconfig */;
			buildSettings = {
				ASSETCATALOG_COMPILER_APPICON_NAME = AppIcon;
				ASSETCATALOG_COMPILER_GLOBAL_ACCENT_COLOR_NAME = AccentColor;
				CODE_SIGN_STYLE = Automatic;
				DEVELOPMENT_TEAM = 8HZ8AJ9A26;
				INFOPLIST_FILE = TwitterClone/Info.plist;
				LD_RUNPATH_SEARCH_PATHS = (
					"$(inherited)",
					"@executable_path/Frameworks",
				);
				PRODUCT_BUNDLE_IDENTIFIER = com.MahammadJafarli.TwitterClone;
				PRODUCT_NAME = "$(TARGET_NAME)";
				SWIFT_VERSION = 5.0;
				TARGETED_DEVICE_FAMILY = "1,2";
			};
			name = Debug;
		};
		C8EE93FE25670D25004E7B41 /* Release */ = {
			isa = XCBuildConfiguration;
			baseConfigurationReference = 1B1C92657E69F3047091E307 /* Pods-TwitterClone.release.xcconfig */;
			buildSettings = {
				ASSETCATALOG_COMPILER_APPICON_NAME = AppIcon;
				ASSETCATALOG_COMPILER_GLOBAL_ACCENT_COLOR_NAME = AccentColor;
				CODE_SIGN_STYLE = Automatic;
				DEVELOPMENT_TEAM = 8HZ8AJ9A26;
				INFOPLIST_FILE = TwitterClone/Info.plist;
				LD_RUNPATH_SEARCH_PATHS = (
					"$(inherited)",
					"@executable_path/Frameworks",
				);
				PRODUCT_BUNDLE_IDENTIFIER = com.MahammadJafarli.TwitterClone;
				PRODUCT_NAME = "$(TARGET_NAME)";
				SWIFT_VERSION = 5.0;
				TARGETED_DEVICE_FAMILY = "1,2";
			};
			name = Release;
		};
		C8EE940025670D25004E7B41 /* Debug */ = {
			isa = XCBuildConfiguration;
			baseConfigurationReference = 654089B6D93820B5533F0886 /* Pods-TwitterCloneTests.debug.xcconfig */;
			buildSettings = {
				ALWAYS_EMBED_SWIFT_STANDARD_LIBRARIES = YES;
				BUNDLE_LOADER = "$(TEST_HOST)";
				CODE_SIGN_STYLE = Automatic;
				DEVELOPMENT_TEAM = 8HZ8AJ9A26;
				INFOPLIST_FILE = TwitterCloneTests/Info.plist;
				IPHONEOS_DEPLOYMENT_TARGET = 14.2;
				LD_RUNPATH_SEARCH_PATHS = (
					"$(inherited)",
					"@executable_path/Frameworks",
					"@loader_path/Frameworks",
				);
				PRODUCT_BUNDLE_IDENTIFIER = com.MahammadJafarli.TwitterCloneTests;
				PRODUCT_NAME = "$(TARGET_NAME)";
				SWIFT_VERSION = 5.0;
				TARGETED_DEVICE_FAMILY = "1,2";
				TEST_HOST = "$(BUILT_PRODUCTS_DIR)/TwitterClone.app/TwitterClone";
			};
			name = Debug;
		};
		C8EE940125670D25004E7B41 /* Release */ = {
			isa = XCBuildConfiguration;
			baseConfigurationReference = BF9F1B42D2BF08BCDD429ED3 /* Pods-TwitterCloneTests.release.xcconfig */;
			buildSettings = {
				ALWAYS_EMBED_SWIFT_STANDARD_LIBRARIES = YES;
				BUNDLE_LOADER = "$(TEST_HOST)";
				CODE_SIGN_STYLE = Automatic;
				DEVELOPMENT_TEAM = 8HZ8AJ9A26;
				INFOPLIST_FILE = TwitterCloneTests/Info.plist;
				IPHONEOS_DEPLOYMENT_TARGET = 14.2;
				LD_RUNPATH_SEARCH_PATHS = (
					"$(inherited)",
					"@executable_path/Frameworks",
					"@loader_path/Frameworks",
				);
				PRODUCT_BUNDLE_IDENTIFIER = com.MahammadJafarli.TwitterCloneTests;
				PRODUCT_NAME = "$(TARGET_NAME)";
				SWIFT_VERSION = 5.0;
				TARGETED_DEVICE_FAMILY = "1,2";
				TEST_HOST = "$(BUILT_PRODUCTS_DIR)/TwitterClone.app/TwitterClone";
			};
			name = Release;
		};
		C8EE940325670D25004E7B41 /* Debug */ = {
			isa = XCBuildConfiguration;
			baseConfigurationReference = CB1EAC8A9047930300706E2D /* Pods-TwitterClone-TwitterCloneUITests.debug.xcconfig */;
			buildSettings = {
				ALWAYS_EMBED_SWIFT_STANDARD_LIBRARIES = YES;
				CODE_SIGN_STYLE = Automatic;
				DEVELOPMENT_TEAM = 8HZ8AJ9A26;
				INFOPLIST_FILE = TwitterCloneUITests/Info.plist;
				LD_RUNPATH_SEARCH_PATHS = (
					"$(inherited)",
					"@executable_path/Frameworks",
					"@loader_path/Frameworks",
				);
				PRODUCT_BUNDLE_IDENTIFIER = com.MahammadJafarli.TwitterCloneUITests;
				PRODUCT_NAME = "$(TARGET_NAME)";
				SWIFT_VERSION = 5.0;
				TARGETED_DEVICE_FAMILY = "1,2";
				TEST_TARGET_NAME = TwitterClone;
			};
			name = Debug;
		};
		C8EE940425670D25004E7B41 /* Release */ = {
			isa = XCBuildConfiguration;
			baseConfigurationReference = F7FC2744F775A72CB347095D /* Pods-TwitterClone-TwitterCloneUITests.release.xcconfig */;
			buildSettings = {
				ALWAYS_EMBED_SWIFT_STANDARD_LIBRARIES = YES;
				CODE_SIGN_STYLE = Automatic;
				DEVELOPMENT_TEAM = 8HZ8AJ9A26;
				INFOPLIST_FILE = TwitterCloneUITests/Info.plist;
				LD_RUNPATH_SEARCH_PATHS = (
					"$(inherited)",
					"@executable_path/Frameworks",
					"@loader_path/Frameworks",
				);
				PRODUCT_BUNDLE_IDENTIFIER = com.MahammadJafarli.TwitterCloneUITests;
				PRODUCT_NAME = "$(TARGET_NAME)";
				SWIFT_VERSION = 5.0;
				TARGETED_DEVICE_FAMILY = "1,2";
				TEST_TARGET_NAME = TwitterClone;
			};
			name = Release;
		};
/* End XCBuildConfiguration section */

/* Begin XCConfigurationList section */
		C8EE93CD25670D24004E7B41 /* Build configuration list for PBXProject "TwitterClone" */ = {
			isa = XCConfigurationList;
			buildConfigurations = (
				C8EE93FA25670D25004E7B41 /* Debug */,
				C8EE93FB25670D25004E7B41 /* Release */,
			);
			defaultConfigurationIsVisible = 0;
			defaultConfigurationName = Release;
		};
		C8EE93FC25670D25004E7B41 /* Build configuration list for PBXNativeTarget "TwitterClone" */ = {
			isa = XCConfigurationList;
			buildConfigurations = (
				C8EE93FD25670D25004E7B41 /* Debug */,
				C8EE93FE25670D25004E7B41 /* Release */,
			);
			defaultConfigurationIsVisible = 0;
			defaultConfigurationName = Release;
		};
		C8EE93FF25670D25004E7B41 /* Build configuration list for PBXNativeTarget "TwitterCloneTests" */ = {
			isa = XCConfigurationList;
			buildConfigurations = (
				C8EE940025670D25004E7B41 /* Debug */,
				C8EE940125670D25004E7B41 /* Release */,
			);
			defaultConfigurationIsVisible = 0;
			defaultConfigurationName = Release;
		};
		C8EE940225670D25004E7B41 /* Build configuration list for PBXNativeTarget "TwitterCloneUITests" */ = {
			isa = XCConfigurationList;
			buildConfigurations = (
				C8EE940325670D25004E7B41 /* Debug */,
				C8EE940425670D25004E7B41 /* Release */,
			);
			defaultConfigurationIsVisible = 0;
			defaultConfigurationName = Release;
		};
/* End XCConfigurationList section */
	};
	rootObject = C8EE93CA25670D24004E7B41 /* Project object */;
}
